dependencies:
- name: redis
  repository: https://charts.bitnami.com/bitnami
  version: 20.1.7
- name: cluster
  repository: https://cloudnative-pg.github.io/charts
  version: 0.0.11
- name: neo4j
  repository: https://charts.bitnami.com/bitnami
  version: 0.4.8
digest: sha256:6346076676d05c8315602cc4dea4f1fc0c56001a0a12128d86edfa25b1f1561e
generated: "2026-02-05T19:14:21.914778194Z"
