dependencies:
- name: onyx
  repository: https://onyx-dot-app.github.io/onyx/
  version: 0.6.7
- name: cluster
  repository: https://cloudnative-pg.github.io/charts
  version: 0.5.0
- name: garage
  repository: https://datahub-local.github.io/garage-helm
  version: 0.4.1
- name: valkey
  repository: https://valkey.io/valkey-helm/
  version: 0.9.3
- name: opensearch-cluster
  repository: https://opensearch-project.github.io/opensearch-k8s-operator
  version: 3.2.2
digest: sha256:8e4c2f8fff4ef8480229cb6b4f3b609e08d5638558d43a806da0f08204a356d0
generated: "2026-06-25T18:32:23.579736021Z"
