dependencies:
- name: onyx
  repository: https://onyx-dot-app.github.io/onyx/
  version: 0.4.40
- name: cluster
  repository: https://cloudnative-pg.github.io/charts
  version: 0.5.0
- name: garage
  repository: https://datahub-local.github.io/garage-helm
  version: 0.4.1
- name: valkey
  repository: https://valkey.io/valkey-helm/
  version: 0.9.3
- name: opensearch-cluster
  repository: https://opensearch-project.github.io/opensearch-k8s-operator
  version: 3.2.2
digest: sha256:d1da90aa992905087eb6abff21630949256e7d08bb3cf1cdbc1487cc53404010
generated: "2026-04-09T20:09:07.104466869Z"
