dependencies:
- name: onyx
  repository: https://onyx-dot-app.github.io/onyx/
  version: 0.4.43
- name: cluster
  repository: https://cloudnative-pg.github.io/charts
  version: 0.5.0
- name: garage
  repository: https://datahub-local.github.io/garage-helm
  version: 0.4.1
- name: valkey
  repository: https://valkey.io/valkey-helm/
  version: 0.9.3
- name: opensearch-cluster
  repository: https://opensearch-project.github.io/opensearch-k8s-operator
  version: 3.2.2
digest: sha256:dcd89c291a1a402fcb9be4acb4a109b409c46b5b7c198f1d4bc13b5053c22927
generated: "2026-04-10T23:29:07.177585269Z"
