dependencies:
- name: cert-manager
  repository: oci://quay.io/jetstack/charts
  version: v1.19.3
- name: cloudnative-pg
  repository: oci://ghcr.io/cloudnative-pg/charts
  version: 0.27.1
- name: knative-operator
  repository: https://knative.github.io/operator
  version: v1.21.0
- name: gateway-helm
  repository: oci://docker.io/envoyproxy
  version: v1.7.0
- name: gpu-operator
  repository: https://helm.ngc.nvidia.com/nvidia
  version: v25.10.1
- name: opensearch-operator
  repository: https://opensearch-project.github.io/opensearch-k8s-operator
  version: 3.0.2
digest: sha256:c96fcae012a19485b881d6e9072dc4bcc36f08a19d3d0525eee9805d5003832a
generated: "2026-04-09T19:41:52.574580089Z"
